
Microsoft Visual Studio Solution File, Format Version 12.00
# Visual Studio Version 17
VisualStudioVersion = 17.9.34723.18
MinimumVisualStudioVersion = 10.0.40219.1
Project("{9A19103F-16F7-4668-BE54-9A1E7A4F7556}") = "X-LabTest", "X-LabTest\X-LabTest.csproj", "{99872AEC-7ACE-4226-B4F2-3DC87F751BC4}"
EndProject
Project("{9A19103F-16F7-4668-BE54-9A1E7A4F7556}") = "X-LabDataBase", "X-LabDataBase\X-LabDataBase.csproj", "{4F0BC8DD-5251-4299-9624-5B53AE45E78A}"
EndProject
Project("{9A19103F-16F7-4668-BE54-9A1E7A4F7556}") = "AuthorizationServer", "AuthorizationServer\AuthorizationServer.csproj", "{3F394DB5-4362-479F-9F1E-8F1958F88F55}"
EndProject
Project("{FAE04EC0-301F-11D3-BF4B-00C04F79EFBC}") = "LabXUnitTest", "LabXUnitTest\LabXUnitTest.csproj", "{0E562A4C-8349-4342-B173-AF07F57A2755}"
EndProject
Global
	GlobalSection(SolutionConfigurationPlatforms) = preSolution
		Debug|Any CPU = Debug|Any CPU
		Release|Any CPU = Release|Any CPU
	EndGlobalSection
	GlobalSection(ProjectConfigurationPlatforms) = postSolution
		{99872AEC-7ACE-4226-B4F2-3DC87F751BC4}.Debug|Any CPU.ActiveCfg = Debug|Any CPU
		{99872AEC-7ACE-4226-B4F2-3DC87F751BC4}.Debug|Any CPU.Build.0 = Debug|Any CPU
		{99872AEC-7ACE-4226-B4F2-3DC87F751BC4}.Release|Any CPU.ActiveCfg = Release|Any CPU
		{99872AEC-7ACE-4226-B4F2-3DC87F751BC4}.Release|Any CPU.Build.0 = Release|Any CPU
		{4F0BC8DD-5251-4299-9624-5B53AE45E78A}.Debug|Any CPU.ActiveCfg = Debug|Any CPU
		{4F0BC8DD-5251-4299-9624-5B53AE45E78A}.Debug|Any CPU.Build.0 = Debug|Any CPU
		{4F0BC8DD-5251-4299-9624-5B53AE45E78A}.Release|Any CPU.ActiveCfg = Release|Any CPU
		{4F0BC8DD-5251-4299-9624-5B53AE45E78A}.Release|Any CPU.Build.0 = Release|Any CPU
		{3F394DB5-4362-479F-9F1E-8F1958F88F55}.Debug|Any CPU.ActiveCfg = Debug|Any CPU
		{3F394DB5-4362-479F-9F1E-8F1958F88F55}.Debug|Any CPU.Build.0 = Debug|Any CPU
		{3F394DB5-4362-479F-9F1E-8F1958F88F55}.Release|Any CPU.ActiveCfg = Release|Any CPU
		{3F394DB5-4362-479F-9F1E-8F1958F88F55}.Release|Any CPU.Build.0 = Release|Any CPU
		{0E562A4C-8349-4342-B173-AF07F57A2755}.Debug|Any CPU.ActiveCfg = Debug|Any CPU
		{0E562A4C-8349-4342-B173-AF07F57A2755}.Debug|Any CPU.Build.0 = Debug|Any CPU
		{0E562A4C-8349-4342-B173-AF07F57A2755}.Release|Any CPU.ActiveCfg = Release|Any CPU
		{0E562A4C-8349-4342-B173-AF07F57A2755}.Release|Any CPU.Build.0 = Release|Any CPU
	EndGlobalSection
	GlobalSection(SolutionProperties) = preSolution
		HideSolutionNode = FALSE
	EndGlobalSection
	GlobalSection(ExtensibilityGlobals) = postSolution
		SolutionGuid = {56ABD3E8-E829-4650-834F-9F8F233A22D5}
	EndGlobalSection
EndGlobal
